// !$*UTF8*$!
{
	archiveVersion = 1;
	classes = {
	};
	objectVersion = 55;
	objects = {

/* Begin PBXBuildFile section */
		C7074069288739C000EFD381 /* CoreDataModel.xcdatamodeld in Sources */ = {isa = PBXBuildFile; fileRef = C7E764F52879CBF600E3A7F7 /* CoreDataModel.xcdatamodeld */; };
		C707406A288739C200EFD381 /* PersistentStore.swift in Sources */ = {isa = PBXBuildFile; fileRef = C7E764F92879CC7C00E3A7F7 /* PersistentStore.swift */; };
		C707406B288739C400EFD381 /* DataManager.swift in Sources */ = {isa = PBXBuildFile; fileRef = C7E764FC2879CE9100E3A7F7 /* DataManager.swift */; };
		C707406C288739C600EFD381 /* Todo.swift in Sources */ = {isa = PBXBuildFile; fileRef = C7E764FF2879CF2300E3A7F7 /* Todo.swift */; };
		C707406D288739C800EFD381 /* Project.swift in Sources */ = {isa = PBXBuildFile; fileRef = C74F3073287B56C500B1FC51 /* Project.swift */; };
		C707407028873A9900EFD381 /* OrderedCollections in Frameworks */ = {isa = PBXBuildFile; productRef = C707406F28873A9900EFD381 /* OrderedCollections */; };
		C707407528873B2500EFD381 /* OrderedCollections in Frameworks */ = {isa = PBXBuildFile; productRef = C707407428873B2500EFD381 /* OrderedCollections */; };
		C74F3074287B56C500B1FC51 /* Project.swift in Sources */ = {isa = PBXBuildFile; fileRef = C74F3073287B56C500B1FC51 /* Project.swift */; };
		C74F3077287B8D6500B1FC51 /* ProjectEditorView.swift in Sources */ = {isa = PBXBuildFile; fileRef = C74F3076287B8D6500B1FC51 /* ProjectEditorView.swift */; };
		C74F3079287B8DAC00B1FC51 /* ProjectEditorViewModel.swift in Sources */ = {isa = PBXBuildFile; fileRef = C74F3078287B8DAC00B1FC51 /* ProjectEditorViewModel.swift */; };
		C757F37D287A60CF00425203 /* DataManagerTests.swift in Sources */ = {isa = PBXBuildFile; fileRef = C757F37C287A60CF00425203 /* DataManagerTests.swift */; };
		C79DEBB1287A50AD00E5DBF8 /* TodoEditorViewModel.swift in Sources */ = {isa = PBXBuildFile; fileRef = C79DEBB0287A50AD00E5DBF8 /* TodoEditorViewModel.swift */; };
		C7E764CB2879CB7200E3A7F7 /* CoreDataExampleApp.swift in Sources */ = {isa = PBXBuildFile; fileRef = C7E764CA2879CB7200E3A7F7 /* CoreDataExampleApp.swift */; };
		C7E764CD2879CB7200E3A7F7 /* ContentView.swift in Sources */ = {isa = PBXBuildFile; fileRef = C7E764CC2879CB7200E3A7F7 /* ContentView.swift */; };
		C7E764CF2879CB7400E3A7F7 /* Assets.xcassets in Resources */ = {isa = PBXBuildFile; fileRef = C7E764CE2879CB7400E3A7F7 /* Assets.xcassets */; };
		C7E764D22879CB7400E3A7F7 /* Preview Assets.xcassets in Resources */ = {isa = PBXBuildFile; fileRef = C7E764D12879CB7400E3A7F7 /* Preview Assets.xcassets */; };
		C7E764F72879CBF600E3A7F7 /* CoreDataModel.xcdatamodeld in Sources */ = {isa = PBXBuildFile; fileRef = C7E764F52879CBF600E3A7F7 /* CoreDataModel.xcdatamodeld */; };
		C7E764FA2879CC7C00E3A7F7 /* PersistentStore.swift in Sources */ = {isa = PBXBuildFile; fileRef = C7E764F92879CC7C00E3A7F7 /* PersistentStore.swift */; };
		C7E764FD2879CE9100E3A7F7 /* DataManager.swift in Sources */ = {isa = PBXBuildFile; fileRef = C7E764FC2879CE9100E3A7F7 /* DataManager.swift */; };
		C7E765002879CF2300E3A7F7 /* Todo.swift in Sources */ = {isa = PBXBuildFile; fileRef = C7E764FF2879CF2300E3A7F7 /* Todo.swift */; };
		C7E765062879F48200E3A7F7 /* TodoEditorView.swift in Sources */ = {isa = PBXBuildFile; fileRef = C7E765052879F48200E3A7F7 /* TodoEditorView.swift */; };
		C7E7650A2879FDF800E3A7F7 /* TodoListView.swift in Sources */ = {isa = PBXBuildFile; fileRef = C7E765092879FDF800E3A7F7 /* TodoListView.swift */; };
		C7E7650D2879FE8500E3A7F7 /* TodoListViewModel.swift in Sources */ = {isa = PBXBuildFile; fileRef = C7E7650C2879FE8500E3A7F7 /* TodoListViewModel.swift */; };
/* End PBXBuildFile section */

/* Begin PBXContainerItemProxy section */
		C757F37E287A60CF00425203 /* PBXContainerItemProxy */ = {
			isa = PBXContainerItemProxy;
			containerPortal = C7E764BF2879CB7200E3A7F7 /* Project object */;
			proxyType = 1;
			remoteGlobalIDString = C7E764C62879CB7200E3A7F7;
			remoteInfo = CoreDataExample;
		};
/* End PBXContainerItemProxy section */

/* Begin PBXFileReference section */
		C74F3073287B56C500B1FC51 /* Project.swift */ = {isa = PBXFileReference; lastKnownFileType = sourcecode.swift; path = Project.swift; sourceTree = "<group>"; };
		C74F3076287B8D6500B1FC51 /* ProjectEditorView.swift */ = {isa = PBXFileReference; lastKnownFileType = sourcecode.swift; path = ProjectEditorView.swift; sourceTree = "<group>"; };
		C74F3078287B8DAC00B1FC51 /* ProjectEditorViewModel.swift */ = {isa = PBXFileReference; lastKnownFileType = sourcecode.swift; path = ProjectEditorViewModel.swift; sourceTree = "<group>"; };
		C757F37A287A60CF00425203 /* CoreDataExampleTests.xctest */ = {isa = PBXFileReference; explicitFileType = wrapper.cfbundle; includeInIndex = 0; path = CoreDataExampleTests.xctest; sourceTree = BUILT_PRODUCTS_DIR; };
		C757F37C287A60CF00425203 /* DataManagerTests.swift */ = {isa = PBXFileReference; lastKnownFileType = sourcecode.swift; path = DataManagerTests.swift; sourceTree = "<group>"; };
		C79DEBB0287A50AD00E5DBF8 /* TodoEditorViewModel.swift */ = {isa = PBXFileReference; lastKnownFileType = sourcecode.swift; path = TodoEditorViewModel.swift; sourceTree = "<group>"; };
		C7E764C72879CB7200E3A7F7 /* CoreDataExample.app */ = {isa = PBXFileReference; explicitFileType = wrapper.application; includeInIndex = 0; path = CoreDataExample.app; sourceTree = BUILT_PRODUCTS_DIR; };
		C7E764CA2879CB7200E3A7F7 /* CoreDataExampleApp.swift */ = {isa = PBXFileReference; lastKnownFileType = sourcecode.swift; path = CoreDataExampleApp.swift; sourceTree = "<group>"; };
		C7E764CC2879CB7200E3A7F7 /* ContentView.swift */ = {isa = PBXFileReference; lastKnownFileType = sourcecode.swift; path = ContentView.swift; sourceTree = "<group>"; };
		C7E764CE2879CB7400E3A7F7 /* Assets.xcassets */ = {isa = PBXFileReference; lastKnownFileType = folder.assetcatalog; path = Assets.xcassets; sourceTree = "<group>"; };
		C7E764D12879CB7400E3A7F7 /* Preview Assets.xcassets */ = {isa = PBXFileReference; lastKnownFileType = folder.assetcatalog; path = "Preview Assets.xcassets"; sourceTree = "<group>"; };
		C7E764F62879CBF600E3A7F7 /* CoreDataModel.xcdatamodel */ = {isa = PBXFileReference; lastKnownFileType = wrapper.xcdatamodel; path = CoreDataModel.xcdatamodel; sourceTree = "<group>"; };
		C7E764F92879CC7C00E3A7F7 /* PersistentStore.swift */ = {isa = PBXFileReference; lastKnownFileType = sourcecode.swift; path = PersistentStore.swift; sourceTree = "<group>"; };
		C7E764FC2879CE9100E3A7F7 /* DataManager.swift */ = {isa = PBXFileReference; lastKnownFileType = sourcecode.swift; path = DataManager.swift; sourceTree = "<group>"; };
		C7E764FF2879CF2300E3A7F7 /* Todo.swift */ = {isa = PBXFileReference; lastKnownFileType = sourcecode.swift; path = Todo.swift; sourceTree = "<group>"; };
		C7E765052879F48200E3A7F7 /* TodoEditorView.swift */ = {isa = PBXFileReference; lastKnownFileType = sourcecode.swift; path = TodoEditorView.swift; sourceTree = "<group>"; };
		C7E765092879FDF800E3A7F7 /* TodoListView.swift */ = {isa = PBXFileReference; lastKnownFileType = sourcecode.swift; path = TodoListView.swift; sourceTree = "<group>"; };
		C7E7650C2879FE8500E3A7F7 /* TodoListViewModel.swift */ = {isa = PBXFileReference; lastKnownFileType = sourcecode.swift; path = TodoListViewModel.swift; sourceTree = "<group>"; };
/* End PBXFileReference section */

/* Begin PBXFrameworksBuildPhase section */
		C757F377287A60CF00425203 /* Frameworks */ = {
			isa = PBXFrameworksBuildPhase;
			buildActionMask = 2147483647;
			files = (
				C707407528873B2500EFD381 /* OrderedCollections in Frameworks */,
			);
			runOnlyForDeploymentPostprocessing = 0;
		};
		C7E764C42879CB7200E3A7F7 /* Frameworks */ = {
			isa = PBXFrameworksBuildPhase;
			buildActionMask = 2147483647;
			files = (
				C707407028873A9900EFD381 /* OrderedCollections in Frameworks */,
			);
			runOnlyForDeploymentPostprocessing = 0;
		};
/* End PBXFrameworksBuildPhase section */

/* Begin PBXGroup section */
		C707407328873B2500EFD381 /* Frameworks */ = {
			isa = PBXGroup;
			children = (
			);
			name = Frameworks;
			sourceTree = "<group>";
		};
		C74F3075287B8D5100B1FC51 /* Project Editor */ = {
			isa = PBXGroup;
			children = (
				C74F3076287B8D6500B1FC51 /* ProjectEditorView.swift */,
				C74F3078287B8DAC00B1FC51 /* ProjectEditorViewModel.swift */,
			);
			path = "Project Editor";
			sourceTree = "<group>";
		};
		C757F37B287A60CF00425203 /* CoreDataExampleTests */ = {
			isa = PBXGroup;
			children = (
				C757F37C287A60CF00425203 /* DataManagerTests.swift */,
			);
			path = CoreDataExampleTests;
			sourceTree = "<group>";
		};
		C79DEBAF287A509E00E5DBF8 /* TodoEditor */ = {
			isa = PBXGroup;
			children = (
				C7E765052879F48200E3A7F7 /* TodoEditorView.swift */,
				C79DEBB0287A50AD00E5DBF8 /* TodoEditorViewModel.swift */,
			);
			path = TodoEditor;
			sourceTree = "<group>";
		};
		C7E764BE2879CB7200E3A7F7 = {
			isa = PBXGroup;
			children = (
				C7E764C92879CB7200E3A7F7 /* CoreDataExample */,
				C757F37B287A60CF00425203 /* CoreDataExampleTests */,
				C7E764C82879CB7200E3A7F7 /* Products */,
				C707407328873B2500EFD381 /* Frameworks */,
			);
			sourceTree = "<group>";
		};
		C7E764C82879CB7200E3A7F7 /* Products */ = {
			isa = PBXGroup;
			children = (
				C7E764C72879CB7200E3A7F7 /* CoreDataExample.app */,
				C757F37A287A60CF00425203 /* CoreDataExampleTests.xctest */,
			);
			name = Products;
			sourceTree = "<group>";
		};
		C7E764C92879CB7200E3A7F7 /* CoreDataExample */ = {
			isa = PBXGroup;
			children = (
				C7E764CA2879CB7200E3A7F7 /* CoreDataExampleApp.swift */,
				C7E764CC2879CB7200E3A7F7 /* ContentView.swift */,
				C7E765082879FDE200E3A7F7 /* TodoList */,
				C79DEBAF287A509E00E5DBF8 /* TodoEditor */,
				C74F3075287B8D5100B1FC51 /* Project Editor */,
				C7E764F42879CBCD00E3A7F7 /* DataManager */,
				C7E764CE2879CB7400E3A7F7 /* Assets.xcassets */,
				C7E764D02879CB7400E3A7F7 /* Preview Content */,
			);
			path = CoreDataExample;
			sourceTree = "<group>";
		};
		C7E764D02879CB7400E3A7F7 /* Preview Content */ = {
			isa = PBXGroup;
			children = (
				C7E764D12879CB7400E3A7F7 /* Preview Assets.xcassets */,
			);
			path = "Preview Content";
			sourceTree = "<group>";
		};
		C7E764F42879CBCD00E3A7F7 /* DataManager */ = {
			isa = PBXGroup;
			children = (
				C7E764F52879CBF600E3A7F7 /* CoreDataModel.xcdatamodeld */,
				C7E764F92879CC7C00E3A7F7 /* PersistentStore.swift */,
				C7E764FC2879CE9100E3A7F7 /* DataManager.swift */,
				C7E764FF2879CF2300E3A7F7 /* Todo.swift */,
				C74F3073287B56C500B1FC51 /* Project.swift */,
			);
			path = DataManager;
			sourceTree = "<group>";
		};
		C7E765082879FDE200E3A7F7 /* TodoList */ = {
			isa = PBXGroup;
			children = (
				C7E765092879FDF800E3A7F7 /* TodoListView.swift */,
				C7E7650C2879FE8500E3A7F7 /* TodoListViewModel.swift */,
			);
			path = TodoList;
			sourceTree = "<group>";
		};
/* End PBXGroup section */

/* Begin PBXNativeTarget section */
		C757F379287A60CF00425203 /* CoreDataExampleTests */ = {
			isa = PBXNativeTarget;
			buildConfigurationList = C757F380287A60CF00425203 /* Build configuration list for PBXNativeTarget "CoreDataExampleTests" */;
			buildPhases = (
				C757F376287A60CF00425203 /* Sources */,
				C757F377287A60CF00425203 /* Frameworks */,
				C757F378287A60CF00425203 /* Resources */,
			);
			buildRules = (
			);
			dependencies = (
				C707407228873B1000EFD381 /* PBXTargetDependency */,
				C757F37F287A60CF00425203 /* PBXTargetDependency */,
			);
			name = CoreDataExampleTests;
			packageProductDependencies = (
				C707407428873B2500EFD381 /* OrderedCollections */,
			);
			productName = CoreDataExampleTests;
			productReference = C757F37A287A60CF00425203 /* CoreDataExampleTests.xctest */;
			productType = "com.apple.product-type.bundle.unit-test";
		};
		C7E764C62879CB7200E3A7F7 /* CoreDataExample */ = {
			isa = PBXNativeTarget;
			buildConfigurationList = C7E764EB2879CB7400E3A7F7 /* Build configuration list for PBXNativeTarget "CoreDataExample" */;
			buildPhases = (
				C7E764C32879CB7200E3A7F7 /* Sources */,
				C7E764C42879CB7200E3A7F7 /* Frameworks */,
				C7E764C52879CB7200E3A7F7 /* Resources */,
			);
			buildRules = (
			);
			dependencies = (
			);
			name = CoreDataExample;
			packageProductDependencies = (
				C707406F28873A9900EFD381 /* OrderedCollections */,
			);
			productName = CoreDataExample;
			productReference = C7E764C72879CB7200E3A7F7 /* CoreDataExample.app */;
			productType = "com.apple.product-type.application";
		};
/* End PBXNativeTarget section */

/* Begin PBXProject section */
		C7E764BF2879CB7200E3A7F7 /* Project object */ = {
			isa = PBXProject;
			attributes = {
				BuildIndependentTargetsInParallel = 1;
				LastSwiftUpdateCheck = 1340;
				LastUpgradeCheck = 1340;
				TargetAttributes = {
					C757F379287A60CF00425203 = {
						CreatedOnToolsVersion = 13.4.1;
					};
					C7E764C62879CB7200E3A7F7 = {
						CreatedOnToolsVersion = 13.4.1;
					};
				};
			};
			buildConfigurationList = C7E764C22879CB7200E3A7F7 /* Build configuration list for PBXProject "CoreDataExample" */;
			compatibilityVersion = "Xcode 13.0";
			developmentRegion = en;
			hasScannedForEncodings = 0;
			knownRegions = (
				en,
				Base,
			);
			mainGroup = C7E764BE2879CB7200E3A7F7;
			packageReferences = (
				C707406E28873A9900EFD381 /* XCRemoteSwiftPackageReference "swift-collections" */,
			);
			productRefGroup = C7E764C82879CB7200E3A7F7 /* Products */;
			projectDirPath = "";
			projectRoot = "";
			targets = (
				C7E764C62879CB7200E3A7F7 /* CoreDataExample */,
				C757F379287A60CF00425203 /* CoreDataExampleTests */,
			);
		};
/* End PBXProject section */

/* Begin PBXResourcesBuildPhase section */
		C757F378287A60CF00425203 /* Resources */ = {
			isa = PBXResourcesBuildPhase;
			buildActionMask = 2147483647;
			files = (
			);
			runOnlyForDeploymentPostprocessing = 0;
		};
		C7E764C52879CB7200E3A7F7 /* Resources */ = {
			isa = PBXResourcesBuildPhase;
			buildActionMask = 2147483647;
			files = (
				C7E764D22879CB7400E3A7F7 /* Preview Assets.xcassets in Resources */,
				C7E764CF2879CB7400E3A7F7 /* Assets.xcassets in Resources */,
			);
			runOnlyForDeploymentPostprocessing = 0;
		};
/* End PBXResourcesBuildPhase section */

/* Begin PBXSourcesBuildPhase section */
		C757F376287A60CF00425203 /* Sources */ = {
			isa = PBXSourcesBuildPhase;
			buildActionMask = 2147483647;
			files = (
				C7074069288739C000EFD381 /* CoreDataModel.xcdatamodeld in Sources */,
				C707406B288739C400EFD381 /* DataManager.swift in Sources */,
				C757F37D287A60CF00425203 /* DataManagerTests.swift in Sources */,
				C707406A288739C200EFD381 /* PersistentStore.swift in Sources */,
				C707406C288739C600EFD381 /* Todo.swift in Sources */,
				C707406D288739C800EFD381 /* Project.swift in Sources */,
			);
			runOnlyForDeploymentPostprocessing = 0;
		};
		C7E764C32879CB7200E3A7F7 /* Sources */ = {
			isa = PBXSourcesBuildPhase;
			buildActionMask = 2147483647;
			files = (
				C7E764CD2879CB7200E3A7F7 /* ContentView.swift in Sources */,
				C7E764FD2879CE9100E3A7F7 /* DataManager.swift in Sources */,
				C7E7650A2879FDF800E3A7F7 /* TodoListView.swift in Sources */,
				C7E764CB2879CB7200E3A7F7 /* CoreDataExampleApp.swift in Sources */,
				C7E7650D2879FE8500E3A7F7 /* TodoListViewModel.swift in Sources */,
				C7E764FA2879CC7C00E3A7F7 /* PersistentStore.swift in Sources */,
				C7E765062879F48200E3A7F7 /* TodoEditorView.swift in Sources */,
				C74F3077287B8D6500B1FC51 /* ProjectEditorView.swift in Sources */,
				C74F3074287B56C500B1FC51 /* Project.swift in Sources */,
				C7E765002879CF2300E3A7F7 /* Todo.swift in Sources */,
				C7E764F72879CBF600E3A7F7 /* CoreDataModel.xcdatamodeld in Sources */,
				C74F3079287B8DAC00B1FC51 /* ProjectEditorViewModel.swift in Sources */,
				C79DEBB1287A50AD00E5DBF8 /* TodoEditorViewModel.swift in Sources */,
			);
			runOnlyForDeploymentPostprocessing = 0;
		};
/* End PBXSourcesBuildPhase section */

/* Begin PBXTargetDependency section */
		C707407228873B1000EFD381 /* PBXTargetDependency */ = {
			isa = PBXTargetDependency;
			productRef = C707407128873B1000EFD381 /* OrderedCollections */;
		};
		C757F37F287A60CF00425203 /* PBXTargetDependency */ = {
			isa = PBXTargetDependency;
			target = C7E764C62879CB7200E3A7F7 /* CoreDataExample */;
			targetProxy = C757F37E287A60CF00425203 /* PBXContainerItemProxy */;
		};
/* End PBXTargetDependency section */

/* Begin XCBuildConfiguration section */
		C757F381287A60CF00425203 /* Debug */ = {
			isa = XCBuildConfiguration;
			buildSettings = {
				CODE_SIGN_STYLE = Automatic;
				CURRENT_PROJECT_VERSION = 1;
				DEVELOPMENT_TEAM = 6LQ3XV8JU7;
				GENERATE_INFOPLIST_FILE = YES;
				MARKETING_VERSION = 1.0;
				PRODUCT_BUNDLE_IDENTIFIER = com.santiago.CoreDataExampleTests;
				PRODUCT_NAME = "$(TARGET_NAME)";
				SWIFT_EMIT_LOC_STRINGS = NO;
				SWIFT_VERSION = 5.0;
				TARGETED_DEVICE_FAMILY = "1,2";
			};
			name = Debug;
		};
		C757F382287A60CF00425203 /* Release */ = {
			isa = XCBuildConfiguration;
			buildSettings = {
				CODE_SIGN_STYLE = Automatic;
				CURRENT_PROJECT_VERSION = 1;
				DEVELOPMENT_TEAM = 6LQ3XV8JU7;
				GENERATE_INFOPLIST_FILE = YES;
				MARKETING_VERSION = 1.0;
				PRODUCT_BUNDLE_IDENTIFIER = com.santiago.CoreDataExampleTests;
				PRODUCT_NAME = "$(TARGET_NAME)";
				SWIFT_EMIT_LOC_STRINGS = NO;
				SWIFT_VERSION = 5.0;
				TARGETED_DEVICE_FAMILY = "1,2";
			};
			name = Release;
		};
		C7E764E92879CB7400E3A7F7 /* Debug */ = {
			isa = XCBuildConfiguration;
			buildSettings = {
				ALWAYS_SEARCH_USER_PATHS = NO;
				CLANG_ANALYZER_NONNULL = YES;
				CLANG_ANALYZER_NUMBER_OBJECT_CONVERSION = YES_AGGRESSIVE;
				CLANG_CXX_LANGUAGE_STANDARD = "gnu++17";
				CLANG_ENABLE_MODULES = YES;
				CLANG_ENABLE_OBJC_ARC = YES;
				CLANG_ENABLE_OBJC_WEAK = YES;
				CLANG_WARN_BLOCK_CAPTURE_AUTORELEASING = YES;
				CLANG_WARN_BOOL_CONVERSION = YES;
				CLANG_WARN_COMMA = YES;
				CLANG_WARN_CONSTANT_CONVERSION = YES;
				CLANG_WARN_DEPRECATED_OBJC_IMPLEMENTATIONS = YES;
				CLANG_WARN_DIRECT_OBJC_ISA_USAGE = YES_ERROR;
				CLANG_WARN_DOCUMENTATION_COMMENTS = YES;
				CLANG_WARN_EMPTY_BODY = YES;
				CLANG_WARN_ENUM_CONVERSION = YES;
				CLANG_WARN_INFINITE_RECURSION = YES;
				CLANG_WARN_INT_CONVERSION = YES;
				CLANG_WARN_NON_LITERAL_NULL_CONVERSION = YES;
				CLANG_WARN_OBJC_IMPLICIT_RETAIN_SELF = YES;
				CLANG_WARN_OBJC_LITERAL_CONVERSION = YES;
				CLANG_WARN_OBJC_ROOT_CLASS = YES_ERROR;
				CLANG_WARN_QUOTED_INCLUDE_IN_FRAMEWORK_HEADER = YES;
				CLANG_WARN_RANGE_LOOP_ANALYSIS = YES;
				CLANG_WARN_STRICT_PROTOTYPES = YES;
				CLANG_WARN_SUSPICIOUS_MOVE = YES;
				CLANG_WARN_UNGUARDED_AVAILABILITY = YES_AGGRESSIVE;
				CLANG_WARN_UNREACHABLE_CODE = YES;
				CLANG_WARN__DUPLICATE_METHOD_MATCH = YES;
				COPY_PHASE_STRIP = NO;
				DEBUG_INFORMATION_FORMAT = dwarf;
				ENABLE_STRICT_OBJC_MSGSEND = YES;
				ENABLE_TESTABILITY = YES;
				GCC_C_LANGUAGE_STANDARD = gnu11;
				GCC_DYNAMIC_NO_PIC = NO;
				GCC_NO_COMMON_BLOCKS = YES;
				GCC_OPTIMIZATION_LEVEL = 0;
				GCC_PREPROCESSOR_DEFINITIONS = (
					"DEBUG=1",
					"$(inherited)",
				);
				GCC_WARN_64_TO_32_BIT_CONVERSION = YES;
				GCC_WARN_ABOUT_RETURN_TYPE = YES_ERROR;
				GCC_WARN_UNDECLARED_SELECTOR = YES;
				GCC_WARN_UNINITIALIZED_AUTOS = YES_AGGRESSIVE;
				GCC_WARN_UNUSED_FUNCTION = YES;
				GCC_WARN_UNUSED_VARIABLE = YES;
				IPHONEOS_DEPLOYMENT_TARGET = 15.5;
				MTL_ENABLE_DEBUG_INFO = INCLUDE_SOURCE;
				MTL_FAST_MATH = YES;
				ONLY_ACTIVE_ARCH = YES;
				SDKROOT = iphoneos;
				SWIFT_ACTIVE_COMPILATION_CONDITIONS = DEBUG;
				SWIFT_OPTIMIZATION_LEVEL = "-Onone";
			};
			name = Debug;
		};
		C7E764EA2879CB7400E3A7F7 /* Release */ = {
			isa = XCBuildConfiguration;
			buildSettings = {
				ALWAYS_SEARCH_USER_PATHS = NO;
				CLANG_ANALYZER_NONNULL = YES;
				CLANG_ANALYZER_NUMBER_OBJECT_CONVERSION = YES_AGGRESSIVE;
				CLANG_CXX_LANGUAGE_STANDARD = "gnu++17";
				CLANG_ENABLE_MODULES = YES;
				CLANG_ENABLE_OBJC_ARC = YES;
				CLANG_ENABLE_OBJC_WEAK = YES;
				CLANG_WARN_BLOCK_CAPTURE_AUTORELEASING = YES;
				CLANG_WARN_BOOL_CONVERSION = YES;
				CLANG_WARN_COMMA = YES;
				CLANG_WARN_CONSTANT_CONVERSION = YES;
				CLANG_WARN_DEPRECATED_OBJC_IMPLEMENTATIONS = YES;
				CLANG_WARN_DIRECT_OBJC_ISA_USAGE = YES_ERROR;
				CLANG_WARN_DOCUMENTATION_COMMENTS = YES;
				CLANG_WARN_EMPTY_BODY = YES;
				CLANG_WARN_ENUM_CONVERSION = YES;
				CLANG_WARN_INFINITE_RECURSION = YES;
				CLANG_WARN_INT_CONVERSION = YES;
				CLANG_WARN_NON_LITERAL_NULL_CONVERSION = YES;
				CLANG_WARN_OBJC_IMPLICIT_RETAIN_SELF = YES;
				CLANG_WARN_OBJC_LITERAL_CONVERSION = YES;
				CLANG_WARN_OBJC_ROOT_CLASS = YES_ERROR;
				CLANG_WARN_QUOTED_INCLUDE_IN_FRAMEWORK_HEADER = YES;
				CLANG_WARN_RANGE_LOOP_ANALYSIS = YES;
				CLANG_WARN_STRICT_PROTOTYPES = YES;
				CLANG_WARN_SUSPICIOUS_MOVE = YES;
				CLANG_WARN_UNGUARDED_AVAILABILITY = YES_AGGRESSIVE;
				CLANG_WARN_UNREACHABLE_CODE = YES;
				CLANG_WARN__DUPLICATE_METHOD_MATCH = YES;
				COPY_PHASE_STRIP = NO;
				DEBUG_INFORMATION_FORMAT = "dwarf-with-dsym";
				ENABLE_NS_ASSERTIONS = NO;
				ENABLE_STRICT_OBJC_MSGSEND = YES;
				GCC_C_LANGUAGE_STANDARD = gnu11;
				GCC_NO_COMMON_BLOCKS = YES;
				GCC_WARN_64_TO_32_BIT_CONVERSION = YES;
				GCC_WARN_ABOUT_RETURN_TYPE = YES_ERROR;
				GCC_WARN_UNDECLARED_SELECTOR = YES;
				GCC_WARN_UNINITIALIZED_AUTOS = YES_AGGRESSIVE;
				GCC_WARN_UNUSED_FUNCTION = YES;
				GCC_WARN_UNUSED_VARIABLE = YES;
				IPHONEOS_DEPLOYMENT_TARGET = 15.5;
				MTL_ENABLE_DEBUG_INFO = NO;
				MTL_FAST_MATH = YES;
				SDKROOT = iphoneos;
				SWIFT_COMPILATION_MODE = wholemodule;
				SWIFT_OPTIMIZATION_LEVEL = "-O";
				VALIDATE_PRODUCT = YES;
			};
			name = Release;
		};
		C7E764EC2879CB7400E3A7F7 /* Debug */ = {
			isa = XCBuildConfiguration;
			buildSettings = {
				ASSETCATALOG_COMPILER_APPICON_NAME = AppIcon;
				ASSETCATALOG_COMPILER_GLOBAL_ACCENT_COLOR_NAME = AccentColor;
				CODE_SIGN_STYLE = Automatic;
				CURRENT_PROJECT_VERSION = 1;
				DEVELOPMENT_ASSET_PATHS = "\"CoreDataExample/Preview Content\"";
				DEVELOPMENT_TEAM = 6LQ3XV8JU7;
				ENABLE_PREVIEWS = YES;
				GENERATE_INFOPLIST_FILE = YES;
				INFOPLIST_KEY_UIApplicationSceneManifest_Generation = YES;
				INFOPLIST_KEY_UIApplicationSupportsIndirectInputEvents = YES;
				INFOPLIST_KEY_UILaunchScreen_Generation = YES;
				INFOPLIST_KEY_UISupportedInterfaceOrientations_iPad = "UIInterfaceOrientationPortrait UIInterfaceOrientationPortraitUpsideDown UIInterfaceOrientationLandscapeLeft UIInterfaceOrientationLandscapeRight";
				INFOPLIST_KEY_UISupportedInterfaceOrientations_iPhone = "UIInterfaceOrientationPortrait UIInterfaceOrientationLandscapeLeft UIInterfaceOrientationLandscapeRight";
				LD_RUNPATH_SEARCH_PATHS = (
					"$(inherited)",
					"@executable_path/Frameworks",
				);
				MARKETING_VERSION = 1.0;
				PRODUCT_BUNDLE_IDENTIFIER = com.santiago.CoreDataExample;
				PRODUCT_NAME = "$(TARGET_NAME)";
				SWIFT_EMIT_LOC_STRINGS = YES;
				SWIFT_VERSION = 5.0;
				TARGETED_DEVICE_FAMILY = 1;
			};
			name = Debug;
		};
		C7E764ED2879CB7400E3A7F7 /* Release */ = {
			isa = XCBuildConfiguration;
			buildSettings = {
				ASSETCATALOG_COMPILER_APPICON_NAME = AppIcon;
				ASSETCATALOG_COMPILER_GLOBAL_ACCENT_COLOR_NAME = AccentColor;
				CODE_SIGN_STYLE = Automatic;
				CURRENT_PROJECT_VERSION = 1;
				DEVELOPMENT_ASSET_PATHS = "\"CoreDataExample/Preview Content\"";
				DEVELOPMENT_TEAM = 6LQ3XV8JU7;
				ENABLE_PREVIEWS = YES;
				GENERATE_INFOPLIST_FILE = YES;
				INFOPLIST_KEY_UIApplicationSceneManifest_Generation = YES;
				INFOPLIST_KEY_UIApplicationSupportsIndirectInputEvents = YES;
				INFOPLIST_KEY_UILaunchScreen_Generation = YES;
				INFOPLIST_KEY_UISupportedInterfaceOrientations_iPad = "UIInterfaceOrientationPortrait UIInterfaceOrientationPortraitUpsideDown UIInterfaceOrientationLandscapeLeft UIInterfaceOrientationLandscapeRight";
				INFOPLIST_KEY_UISupportedInterfaceOrientations_iPhone = "UIInterfaceOrientationPortrait UIInterfaceOrientationLandscapeLeft UIInterfaceOrientationLandscapeRight";
				LD_RUNPATH_SEARCH_PATHS = (
					"$(inherited)",
					"@executable_path/Frameworks",
				);
				MARKETING_VERSION = 1.0;
				PRODUCT_BUNDLE_IDENTIFIER = com.santiago.CoreDataExample;
				PRODUCT_NAME = "$(TARGET_NAME)";
				SWIFT_EMIT_LOC_STRINGS = YES;
				SWIFT_VERSION = 5.0;
				TARGETED_DEVICE_FAMILY = 1;
			};
			name = Release;
		};
/* End XCBuildConfiguration section */

/* Begin XCConfigurationList section */
		C757F380287A60CF00425203 /* Build configuration list for PBXNativeTarget "CoreDataExampleTests" */ = {
			isa = XCConfigurationList;
			buildConfigurations = (
				C757F381287A60CF00425203 /* Debug */,
				C757F382287A60CF00425203 /* Release */,
			);
			defaultConfigurationIsVisible = 0;
			defaultConfigurationName = Release;
		};
		C7E764C22879CB7200E3A7F7 /* Build configuration list for PBXProject "CoreDataExample" */ = {
			isa = XCConfigurationList;
			buildConfigurations = (
				C7E764E92879CB7400E3A7F7 /* Debug */,
				C7E764EA2879CB7400E3A7F7 /* Release */,
			);
			defaultConfigurationIsVisible = 0;
			defaultConfigurationName = Release;
		};
		C7E764EB2879CB7400E3A7F7 /* Build configuration list for PBXNativeTarget "CoreDataExample" */ = {
			isa = XCConfigurationList;
			buildConfigurations = (
				C7E764EC2879CB7400E3A7F7 /* Debug */,
				C7E764ED2879CB7400E3A7F7 /* Release */,
			);
			defaultConfigurationIsVisible = 0;
			defaultConfigurationName = Release;
		};
/* End XCConfigurationList section */

/* Begin XCRemoteSwiftPackageReference section */
		C707406E28873A9900EFD381 /* XCRemoteSwiftPackageReference "swift-collections" */ = {
			isa = XCRemoteSwiftPackageReference;
			repositoryURL = "https://github.com/apple/swift-collections.git";
			requirement = {
				kind = upToNextMajorVersion;
				minimumVersion = 1.0.0;
			};
		};
/* End XCRemoteSwiftPackageReference section */

/* Begin XCSwiftPackageProductDependency section */
		C707406F28873A9900EFD381 /* OrderedCollections */ = {
			isa = XCSwiftPackageProductDependency;
			package = C707406E28873A9900EFD381 /* XCRemoteSwiftPackageReference "swift-collections" */;
			productName = OrderedCollections;
		};
		C707407128873B1000EFD381 /* OrderedCollections */ = {
			isa = XCSwiftPackageProductDependency;
			package = C707406E28873A9900EFD381 /* XCRemoteSwiftPackageReference "swift-collections" */;
			productName = OrderedCollections;
		};
		C707407428873B2500EFD381 /* OrderedCollections */ = {
			isa = XCSwiftPackageProductDependency;
			package = C707406E28873A9900EFD381 /* XCRemoteSwiftPackageReference "swift-collections" */;
			productName = OrderedCollections;
		};
/* End XCSwiftPackageProductDependency section */

/* Begin XCVersionGroup section */
		C7E764F52879CBF600E3A7F7 /* CoreDataModel.xcdatamodeld */ = {
			isa = XCVersionGroup;
			children = (
				C7E764F62879CBF600E3A7F7 /* CoreDataModel.xcdatamodel */,
			);
			currentVersion = C7E764F62879CBF600E3A7F7 /* CoreDataModel.xcdatamodel */;
			path = CoreDataModel.xcdatamodeld;
			sourceTree = "<group>";
			versionGroupType = wrapper.xcdatamodel;
		};
/* End XCVersionGroup section */
	};
	rootObject = C7E764BF2879CB7200E3A7F7 /* Project object */;
}
